// !$*UTF8*$!
{
	archiveVersion = 1;
	classes = {
	};
	objectVersion = 77;
	objects = {

/* Begin PBXBuildFile section */
		9D36AFDA2E1BF3FE004F73E2 /* ModelLoader in Frameworks */ = {isa = PBXBuildFile; productRef = 9D36AFD92E1BF3FE004F73E2 /* ModelLoader */; };
		9D36B0202E1C0432004F73E2 /* RuntimeError in Frameworks */ = {isa = PBXBuildFile; productRef = 9D36B01F2E1C0432004F73E2 /* RuntimeError */; };
		9D4A4F9A2E4DCEB7002A230A /* MetalView in Frameworks */ = {isa = PBXBuildFile; productRef = 9D4A4F992E4DCEB7002A230A /* MetalView */; };
		9D4A4FC72E4DD57F002A230A /* GPUDevice in Frameworks */ = {isa = PBXBuildFile; productRef = 9D4A4FC62E4DD57F002A230A /* GPUDevice */; };
		9D4A501A2E4DF371002A230A /* Renderer in Frameworks */ = {isa = PBXBuildFile; productRef = 9D4A50192E4DF371002A230A /* Renderer */; };
		9DD21B652E1D1F7600DA3501 /* MetalCamera in Frameworks */ = {isa = PBXBuildFile; productRef = 9DD21B642E1D1F7600DA3501 /* MetalCamera */; };
		9DD21B682E1D200300DA3501 /* MijickCamera in Frameworks */ = {isa = PBXBuildFile; productRef = 9DD21B672E1D200300DA3501 /* MijickCamera */; };
		9DF4CE092E291DC600AD79E3 /* Model in Frameworks */ = {isa = PBXBuildFile; productRef = 9DF4CE082E291DC600AD79E3 /* Model */; };
/* End PBXBuildFile section */

/* Begin PBXFileReference section */
		9D36AFC72E1BF396004F73E2 /* Compass.app */ = {isa = PBXFileReference; explicitFileType = wrapper.application; includeInIndex = 0; path = Compass.app; sourceTree = BUILT_PRODUCTS_DIR; };
/* End PBXFileReference section */

/* Begin PBXFileSystemSynchronizedRootGroup section */
		9D36AFC92E1BF396004F73E2 /* Compass */ = {
			isa = PBXFileSystemSynchronizedRootGroup;
			path = Compass;
			sourceTree = "<group>";
		};
/* End PBXFileSystemSynchronizedRootGroup section */

/* Begin PBXFrameworksBuildPhase section */
		9D36AFC42E1BF396004F73E2 /* Frameworks */ = {
			isa = PBXFrameworksBuildPhase;
			buildActionMask = 2147483647;
			files = (
				9DF4CE092E291DC600AD79E3 /* Model in Frameworks */,
				9D4A4FC72E4DD57F002A230A /* GPUDevice in Frameworks */,
				9D4A4F9A2E4DCEB7002A230A /* MetalView in Frameworks */,
				9DD21B682E1D200300DA3501 /* MijickCamera in Frameworks */,
				9D36B0202E1C0432004F73E2 /* RuntimeError in Frameworks */,
				9DD21B652E1D1F7600DA3501 /* MetalCamera in Frameworks */,
				9D36AFDA2E1BF3FE004F73E2 /* ModelLoader in Frameworks */,
				9D4A501A2E4DF371002A230A /* Renderer in Frameworks */,
			);
			runOnlyForDeploymentPostprocessing = 0;
		};
/* End PBXFrameworksBuildPhase section */

/* Begin PBXGroup section */
		9D36AFBE2E1BF396004F73E2 = {
			isa = PBXGroup;
			children = (
				9D36AFC92E1BF396004F73E2 /* Compass */,
				9D36AFC82E1BF396004F73E2 /* Products */,
			);
			sourceTree = "<group>";
		};
		9D36AFC82E1BF396004F73E2 /* Products */ = {
			isa = PBXGroup;
			children = (
				9D36AFC72E1BF396004F73E2 /* Compass.app */,
			);
			name = Products;
			sourceTree = "<group>";
		};
/* End PBXGroup section */

/* Begin PBXNativeTarget section */
		9D36AFC62E1BF396004F73E2 /* Compass */ = {
			isa = PBXNativeTarget;
			buildConfigurationList = 9D36AFD52E1BF398004F73E2 /* Build configuration list for PBXNativeTarget "Compass" */;
			buildPhases = (
				9D36AFC32E1BF396004F73E2 /* Sources */,
				9D36AFC42E1BF396004F73E2 /* Frameworks */,
				9D36AFC52E1BF396004F73E2 /* Resources */,
			);
			buildRules = (
			);
			dependencies = (
			);
			fileSystemSynchronizedGroups = (
				9D36AFC92E1BF396004F73E2 /* Compass */,
			);
			name = Compass;
			packageProductDependencies = (
				9D36AFD92E1BF3FE004F73E2 /* ModelLoader */,
				9D36B01F2E1C0432004F73E2 /* RuntimeError */,
				9DD21B642E1D1F7600DA3501 /* MetalCamera */,
				9DD21B672E1D200300DA3501 /* MijickCamera */,
				9DF4CE082E291DC600AD79E3 /* Model */,
				9D4A4F992E4DCEB7002A230A /* MetalView */,
				9D4A4FC62E4DD57F002A230A /* GPUDevice */,
				9D4A50192E4DF371002A230A /* Renderer */,
			);
			productName = Compass;
			productReference = 9D36AFC72E1BF396004F73E2 /* Compass.app */;
			productType = "com.apple.product-type.application";
		};
/* End PBXNativeTarget section */

/* Begin PBXProject section */
		9D36AFBF2E1BF396004F73E2 /* Project object */ = {
			isa = PBXProject;
			attributes = {
				BuildIndependentTargetsInParallel = 1;
				LastSwiftUpdateCheck = 1620;
				LastUpgradeCheck = 1620;
				TargetAttributes = {
					9D36AFC62E1BF396004F73E2 = {
						CreatedOnToolsVersion = 16.2;
					};
				};
			};
			buildConfigurationList = 9D36AFC22E1BF396004F73E2 /* Build configuration list for PBXProject "Compass" */;
			developmentRegion = en;
			hasScannedForEncodings = 0;
			knownRegions = (
				en,
				Base,
			);
			mainGroup = 9D36AFBE2E1BF396004F73E2;
			minimizedProjectReferenceProxies = 1;
			packageReferences = (
				9D36AFD82E1BF3FE004F73E2 /* XCLocalSwiftPackageReference "LocalPackages/ModelLoader" */,
				9D36B01E2E1C0432004F73E2 /* XCLocalSwiftPackageReference "LocalPackages/RuntimeError" */,
				9DD21B632E1D1F7600DA3501 /* XCLocalSwiftPackageReference "LocalPackages/MetalCamera" */,
				9DD21B662E1D200300DA3501 /* XCRemoteSwiftPackageReference "Camera" */,
				9DF4CE072E291DC600AD79E3 /* XCLocalSwiftPackageReference "LocalPackages/Model" */,
				9D4A4F982E4DCEB7002A230A /* XCLocalSwiftPackageReference "LocalPackages/MetalView" */,
				9D4A4FC52E4DD57F002A230A /* XCLocalSwiftPackageReference "LocalPackages/GPUDevice" */,
				9D4A50182E4DF371002A230A /* XCLocalSwiftPackageReference "LocalPackages/Renderer" */,
			);
			preferredProjectObjectVersion = 77;
			productRefGroup = 9D36AFC82E1BF396004F73E2 /* Products */;
			projectDirPath = "";
			projectRoot = "";
			targets = (
				9D36AFC62E1BF396004F73E2 /* Compass */,
			);
		};
/* End PBXProject section */

/* Begin PBXResourcesBuildPhase section */
		9D36AFC52E1BF396004F73E2 /* Resources */ = {
			isa = PBXResourcesBuildPhase;
			buildActionMask = 2147483647;
			files = (
			);
			runOnlyForDeploymentPostprocessing = 0;
		};
/* End PBXResourcesBuildPhase section */

/* Begin PBXSourcesBuildPhase section */
		9D36AFC32E1BF396004F73E2 /* Sources */ = {
			isa = PBXSourcesBuildPhase;
			buildActionMask = 2147483647;
			files = (
			);
			runOnlyForDeploymentPostprocessing = 0;
		};
/* End PBXSourcesBuildPhase section */

/* Begin XCBuildConfiguration section */
		9D36AFD32E1BF398004F73E2 /* Debug */ = {
			isa = XCBuildConfiguration;
			buildSettings = {
				ALWAYS_SEARCH_USER_PATHS = NO;
				ASSETCATALOG_COMPILER_GENERATE_SWIFT_ASSET_SYMBOL_EXTENSIONS = YES;
				CLANG_ANALYZER_NONNULL = YES;
				CLANG_ANALYZER_NUMBER_OBJECT_CONVERSION = YES_AGGRESSIVE;
				CLANG_CXX_LANGUAGE_STANDARD = "gnu++20";
				CLANG_ENABLE_MODULES = YES;
				CLANG_ENABLE_OBJC_ARC = YES;
				CLANG_ENABLE_OBJC_WEAK = YES;
				CLANG_WARN_BLOCK_CAPTURE_AUTORELEASING = YES;
				CLANG_WARN_BOOL_CONVERSION = YES;
				CLANG_WARN_COMMA = YES;
				CLANG_WARN_CONSTANT_CONVERSION = YES;
				CLANG_WARN_DEPRECATED_OBJC_IMPLEMENTATIONS = YES;
				CLANG_WARN_DIRECT_OBJC_ISA_USAGE = YES_ERROR;
				CLANG_WARN_DOCUMENTATION_COMMENTS = YES;
				CLANG_WARN_EMPTY_BODY = YES;
				CLANG_WARN_ENUM_CONVERSION = YES;
				CLANG_WARN_INFINITE_RECURSION = YES;
				CLANG_WARN_INT_CONVERSION = YES;
				CLANG_WARN_NON_LITERAL_NULL_CONVERSION = YES;
				CLANG_WARN_OBJC_IMPLICIT_RETAIN_SELF = YES;
				CLANG_WARN_OBJC_LITERAL_CONVERSION = YES;
				CLANG_WARN_OBJC_ROOT_CLASS = YES_ERROR;
				CLANG_WARN_QUOTED_INCLUDE_IN_FRAMEWORK_HEADER = YES;
				CLANG_WARN_RANGE_LOOP_ANALYSIS = YES;
				CLANG_WARN_STRICT_PROTOTYPES = YES;
				CLANG_WARN_SUSPICIOUS_MOVE = YES;
				CLANG_WARN_UNGUARDED_AVAILABILITY = YES_AGGRESSIVE;
				CLANG_WARN_UNREACHABLE_CODE = YES;
				CLANG_WARN__DUPLICATE_METHOD_MATCH = YES;
				COPY_PHASE_STRIP = NO;
				DEBUG_INFORMATION_FORMAT = dwarf;
				ENABLE_STRICT_OBJC_MSGSEND = YES;
				ENABLE_TESTABILITY = YES;
				ENABLE_USER_SCRIPT_SANDBOXING = YES;
				GCC_C_LANGUAGE_STANDARD = gnu17;
				GCC_DYNAMIC_NO_PIC = NO;
				GCC_NO_COMMON_BLOCKS = YES;
				GCC_OPTIMIZATION_LEVEL = 0;
				GCC_PREPROCESSOR_DEFINITIONS = (
					"DEBUG=1",
					"$(inherited)",
				);
				GCC_WARN_64_TO_32_BIT_CONVERSION = YES;
				GCC_WARN_ABOUT_RETURN_TYPE = YES_ERROR;
				GCC_WARN_UNDECLARED_SELECTOR = YES;
				GCC_WARN_UNINITIALIZED_AUTOS = YES_AGGRESSIVE;
				GCC_WARN_UNUSED_FUNCTION = YES;
				GCC_WARN_UNUSED_VARIABLE = YES;
				IPHONEOS_DEPLOYMENT_TARGET = 18.2;
				LOCALIZATION_PREFERS_STRING_CATALOGS = YES;
				MTL_ENABLE_DEBUG_INFO = INCLUDE_SOURCE;
				MTL_FAST_MATH = YES;
				ONLY_ACTIVE_ARCH = YES;
				SDKROOT = iphoneos;
				SWIFT_ACTIVE_COMPILATION_CONDITIONS = "DEBUG $(inherited)";
				SWIFT_OBJC_BRIDGING_HEADER = "";
				SWIFT_OPTIMIZATION_LEVEL = "-Onone";
			};
			name = Debug;
		};
		9D36AFD42E1BF398004F73E2 /* Release */ = {
			isa = XCBuildConfiguration;
			buildSettings = {
				ALWAYS_SEARCH_USER_PATHS = NO;
				ASSETCATALOG_COMPILER_GENERATE_SWIFT_ASSET_SYMBOL_EXTENSIONS = YES;
				CLANG_ANALYZER_NONNULL = YES;
				CLANG_ANALYZER_NUMBER_OBJECT_CONVERSION = YES_AGGRESSIVE;
				CLANG_CXX_LANGUAGE_STANDARD = "gnu++20";
				CLANG_ENABLE_MODULES = YES;
				CLANG_ENABLE_OBJC_ARC = YES;
				CLANG_ENABLE_OBJC_WEAK = YES;
				CLANG_WARN_BLOCK_CAPTURE_AUTORELEASING = YES;
				CLANG_WARN_BOOL_CONVERSION = YES;
				CLANG_WARN_COMMA = YES;
				CLANG_WARN_CONSTANT_CONVERSION = YES;
				CLANG_WARN_DEPRECATED_OBJC_IMPLEMENTATIONS = YES;
				CLANG_WARN_DIRECT_OBJC_ISA_USAGE = YES_ERROR;
				CLANG_WARN_DOCUMENTATION_COMMENTS = YES;
				CLANG_WARN_EMPTY_BODY = YES;
				CLANG_WARN_ENUM_CONVERSION = YES;
				CLANG_WARN_INFINITE_RECURSION = YES;
				CLANG_WARN_INT_CONVERSION = YES;
				CLANG_WARN_NON_LITERAL_NULL_CONVERSION = YES;
				CLANG_WARN_OBJC_IMPLICIT_RETAIN_SELF = YES;
				CLANG_WARN_OBJC_LITERAL_CONVERSION = YES;
				CLANG_WARN_OBJC_ROOT_CLASS = YES_ERROR;
				CLANG_WARN_QUOTED_INCLUDE_IN_FRAMEWORK_HEADER = YES;
				CLANG_WARN_RANGE_LOOP_ANALYSIS = YES;
				CLANG_WARN_STRICT_PROTOTYPES = YES;
				CLANG_WARN_SUSPICIOUS_MOVE = YES;
				CLANG_WARN_UNGUARDED_AVAILABILITY = YES_AGGRESSIVE;
				CLANG_WARN_UNREACHABLE_CODE = YES;
				CLANG_WARN__DUPLICATE_METHOD_MATCH = YES;
				COPY_PHASE_STRIP = NO;
				DEBUG_INFORMATION_FORMAT = "dwarf-with-dsym";
				ENABLE_NS_ASSERTIONS = NO;
				ENABLE_STRICT_OBJC_MSGSEND = YES;
				ENABLE_USER_SCRIPT_SANDBOXING = YES;
				GCC_C_LANGUAGE_STANDARD = gnu17;
				GCC_NO_COMMON_BLOCKS = YES;
				GCC_WARN_64_TO_32_BIT_CONVERSION = YES;
				GCC_WARN_ABOUT_RETURN_TYPE = YES_ERROR;
				GCC_WARN_UNDECLARED_SELECTOR = YES;
				GCC_WARN_UNINITIALIZED_AUTOS = YES_AGGRESSIVE;
				GCC_WARN_UNUSED_FUNCTION = YES;
				GCC_WARN_UNUSED_VARIABLE = YES;
				IPHONEOS_DEPLOYMENT_TARGET = 18.2;
				LOCALIZATION_PREFERS_STRING_CATALOGS = YES;
				MTL_ENABLE_DEBUG_INFO = NO;
				MTL_FAST_MATH = YES;
				SDKROOT = iphoneos;
				SWIFT_COMPILATION_MODE = wholemodule;
				SWIFT_OBJC_BRIDGING_HEADER = "";
				VALIDATE_PRODUCT = YES;
			};
			name = Release;
		};
		9D36AFD62E1BF398004F73E2 /* Debug */ = {
			isa = XCBuildConfiguration;
			buildSettings = {
				ASSETCATALOG_COMPILER_APPICON_NAME = AppIcon;
				ASSETCATALOG_COMPILER_GLOBAL_ACCENT_COLOR_NAME = AccentColor;
				CODE_SIGN_STYLE = Automatic;
				CURRENT_PROJECT_VERSION = 1;
				DEVELOPMENT_ASSET_PATHS = "\"Compass/Preview Content\"";
				DEVELOPMENT_TEAM = V4LV384HQ2;
				ENABLE_PREVIEWS = YES;
				GENERATE_INFOPLIST_FILE = YES;
				INFOPLIST_KEY_NSCameraUsageDescription = "I need your camera";
				INFOPLIST_KEY_NSMicrophoneUsageDescription = "I need your microfone";
				INFOPLIST_KEY_UIApplicationSceneManifest_Generation = YES;
				INFOPLIST_KEY_UIApplicationSupportsIndirectInputEvents = YES;
				INFOPLIST_KEY_UILaunchScreen_Generation = YES;
				INFOPLIST_KEY_UISupportedInterfaceOrientations_iPad = "UIInterfaceOrientationPortrait UIInterfaceOrientationPortraitUpsideDown UIInterfaceOrientationLandscapeLeft UIInterfaceOrientationLandscapeRight";
				INFOPLIST_KEY_UISupportedInterfaceOrientations_iPhone = "UIInterfaceOrientationPortrait UIInterfaceOrientationLandscapeLeft UIInterfaceOrientationLandscapeRight";
				LD_RUNPATH_SEARCH_PATHS = (
					"$(inherited)",
					"@executable_path/Frameworks",
				);
				MARKETING_VERSION = 1.0;
				PRODUCT_BUNDLE_IDENTIFIER = com.trilla.mapkit.Compass;
				PRODUCT_NAME = "$(TARGET_NAME)";
				SWIFT_EMIT_LOC_STRINGS = YES;
				SWIFT_OBJC_BRIDGING_HEADER = "";
				SWIFT_VERSION = 5.0;
				TARGETED_DEVICE_FAMILY = "1,2";
			};
			name = Debug;
		};
		9D36AFD72E1BF398004F73E2 /* Release */ = {
			isa = XCBuildConfiguration;
			buildSettings = {
				ASSETCATALOG_COMPILER_APPICON_NAME = AppIcon;
				ASSETCATALOG_COMPILER_GLOBAL_ACCENT_COLOR_NAME = AccentColor;
				CODE_SIGN_STYLE = Automatic;
				CURRENT_PROJECT_VERSION = 1;
				DEVELOPMENT_ASSET_PATHS = "\"Compass/Preview Content\"";
				DEVELOPMENT_TEAM = V4LV384HQ2;
				ENABLE_PREVIEWS = YES;
				GENERATE_INFOPLIST_FILE = YES;
				INFOPLIST_KEY_NSCameraUsageDescription = "I need your camera";
				INFOPLIST_KEY_NSMicrophoneUsageDescription = "I need your microfone";
				INFOPLIST_KEY_UIApplicationSceneManifest_Generation = YES;
				INFOPLIST_KEY_UIApplicationSupportsIndirectInputEvents = YES;
				INFOPLIST_KEY_UILaunchScreen_Generation = YES;
				INFOPLIST_KEY_UISupportedInterfaceOrientations_iPad = "UIInterfaceOrientationPortrait UIInterfaceOrientationPortraitUpsideDown UIInterfaceOrientationLandscapeLeft UIInterfaceOrientationLandscapeRight";
				INFOPLIST_KEY_UISupportedInterfaceOrientations_iPhone = "UIInterfaceOrientationPortrait UIInterfaceOrientationLandscapeLeft UIInterfaceOrientationLandscapeRight";
				LD_RUNPATH_SEARCH_PATHS = (
					"$(inherited)",
					"@executable_path/Frameworks",
				);
				MARKETING_VERSION = 1.0;
				PRODUCT_BUNDLE_IDENTIFIER = com.trilla.mapkit.Compass;
				PRODUCT_NAME = "$(TARGET_NAME)";
				SWIFT_EMIT_LOC_STRINGS = YES;
				SWIFT_OBJC_BRIDGING_HEADER = "";
				SWIFT_VERSION = 5.0;
				TARGETED_DEVICE_FAMILY = "1,2";
			};
			name = Release;
		};
/* End XCBuildConfiguration section */

/* Begin XCConfigurationList section */
		9D36AFC22E1BF396004F73E2 /* Build configuration list for PBXProject "Compass" */ = {
			isa = XCConfigurationList;
			buildConfigurations = (
				9D36AFD32E1BF398004F73E2 /* Debug */,
				9D36AFD42E1BF398004F73E2 /* Release */,
			);
			defaultConfigurationIsVisible = 0;
			defaultConfigurationName = Release;
		};
		9D36AFD52E1BF398004F73E2 /* Build configuration list for PBXNativeTarget "Compass" */ = {
			isa = XCConfigurationList;
			buildConfigurations = (
				9D36AFD62E1BF398004F73E2 /* Debug */,
				9D36AFD72E1BF398004F73E2 /* Release */,
			);
			defaultConfigurationIsVisible = 0;
			defaultConfigurationName = Release;
		};
/* End XCConfigurationList section */

/* Begin XCLocalSwiftPackageReference section */
		9D36AFD82E1BF3FE004F73E2 /* XCLocalSwiftPackageReference "LocalPackages/ModelLoader" */ = {
			isa = XCLocalSwiftPackageReference;
			relativePath = LocalPackages/ModelLoader;
		};
		9D36B01E2E1C0432004F73E2 /* XCLocalSwiftPackageReference "LocalPackages/RuntimeError" */ = {
			isa = XCLocalSwiftPackageReference;
			relativePath = LocalPackages/RuntimeError;
		};
		9D4A4F982E4DCEB7002A230A /* XCLocalSwiftPackageReference "LocalPackages/MetalView" */ = {
			isa = XCLocalSwiftPackageReference;
			relativePath = LocalPackages/MetalView;
		};
		9D4A4FC52E4DD57F002A230A /* XCLocalSwiftPackageReference "LocalPackages/GPUDevice" */ = {
			isa = XCLocalSwiftPackageReference;
			relativePath = LocalPackages/GPUDevice;
		};
		9D4A50182E4DF371002A230A /* XCLocalSwiftPackageReference "LocalPackages/Renderer" */ = {
			isa = XCLocalSwiftPackageReference;
			relativePath = LocalPackages/Renderer;
		};
		9DD21B632E1D1F7600DA3501 /* XCLocalSwiftPackageReference "LocalPackages/MetalCamera" */ = {
			isa = XCLocalSwiftPackageReference;
			relativePath = LocalPackages/MetalCamera;
		};
		9DF4CE072E291DC600AD79E3 /* XCLocalSwiftPackageReference "LocalPackages/Model" */ = {
			isa = XCLocalSwiftPackageReference;
			relativePath = LocalPackages/Model;
		};
/* End XCLocalSwiftPackageReference section */

/* Begin XCRemoteSwiftPackageReference section */
		9DD21B662E1D200300DA3501 /* XCRemoteSwiftPackageReference "Camera" */ = {
			isa = XCRemoteSwiftPackageReference;
			repositoryURL = "https://github.com/Mijick/Camera.git";
			requirement = {
				kind = upToNextMajorVersion;
				minimumVersion = 3.0.2;
			};
		};
/* End XCRemoteSwiftPackageReference section */

/* Begin XCSwiftPackageProductDependency section */
		9D36AFD92E1BF3FE004F73E2 /* ModelLoader */ = {
			isa = XCSwiftPackageProductDependency;
			productName = ModelLoader;
		};
		9D36B01F2E1C0432004F73E2 /* RuntimeError */ = {
			isa = XCSwiftPackageProductDependency;
			productName = RuntimeError;
		};
		9D4A4F992E4DCEB7002A230A /* MetalView */ = {
			isa = XCSwiftPackageProductDependency;
			productName = MetalView;
		};
		9D4A4FC62E4DD57F002A230A /* GPUDevice */ = {
			isa = XCSwiftPackageProductDependency;
			productName = GPUDevice;
		};
		9D4A50192E4DF371002A230A /* Renderer */ = {
			isa = XCSwiftPackageProductDependency;
			productName = Renderer;
		};
		9DD21B642E1D1F7600DA3501 /* MetalCamera */ = {
			isa = XCSwiftPackageProductDependency;
			productName = MetalCamera;
		};
		9DD21B672E1D200300DA3501 /* MijickCamera */ = {
			isa = XCSwiftPackageProductDependency;
			package = 9DD21B662E1D200300DA3501 /* XCRemoteSwiftPackageReference "Camera" */;
			productName = MijickCamera;
		};
		9DF4CE082E291DC600AD79E3 /* Model */ = {
			isa = XCSwiftPackageProductDependency;
			productName = Model;
		};
/* End XCSwiftPackageProductDependency section */
	};
	rootObject = 9D36AFBF2E1BF396004F73E2 /* Project object */;
}
